// !$*UTF8*$!
{
	archiveVersion = 1;
	classes = {
	};
	objectVersion = 46;
	objects = {

/* Begin PBXBuildFile section */
		51966986B57D2A169CB87F70 /* Pods_ReadNode.framework in Frameworks */ = {isa = PBXBuildFile; fileRef = B9F3DE5B3B514728DD3FBBA0 /* Pods_ReadNode.framework */; };
		9F0AF8861F433262008BB198 /* AlamofireRSSParser.swift in Sources */ = {isa = PBXBuildFile; fileRef = 9F0AF8831F433262008BB198 /* AlamofireRSSParser.swift */; };
		9F0AF8871F433262008BB198 /* RSSFeed.swift in Sources */ = {isa = PBXBuildFile; fileRef = 9F0AF8841F433262008BB198 /* RSSFeed.swift */; };
		9F0AF8881F433262008BB198 /* RSSItem.swift in Sources */ = {isa = PBXBuildFile; fileRef = 9F0AF8851F433262008BB198 /* RSSItem.swift */; };
		9F0AF88A1F43417B008BB198 /* NTMessageHud.swift in Sources */ = {isa = PBXBuildFile; fileRef = 9F0AF8891F43417B008BB198 /* NTMessageHud.swift */; };
		9F3C79A61F3D662200C02F08 /* UILabel+Extensions.swift in Sources */ = {isa = PBXBuildFile; fileRef = 9F3C79A51F3D662200C02F08 /* UILabel+Extensions.swift */; };
		9F3C79A81F3D735200C02F08 /* RNRssFeed.swift in Sources */ = {isa = PBXBuildFile; fileRef = 9F3C79A71F3D735200C02F08 /* RNRssFeed.swift */; };
		9F3C79AC1F3D7CB100C02F08 /* RNNetworkManager.swift in Sources */ = {isa = PBXBuildFile; fileRef = 9F3C79AB1F3D7CB100C02F08 /* RNNetworkManager.swift */; };
		9F5E74201F3C30AD00377099 /* RNFeedAuthorCell.swift in Sources */ = {isa = PBXBuildFile; fileRef = 9F5E741E1F3C30AD00377099 /* RNFeedAuthorCell.swift */; };
		9F5E74211F3C30AD00377099 /* RNFeedAuthorCell.xib in Resources */ = {isa = PBXBuildFile; fileRef = 9F5E741F1F3C30AD00377099 /* RNFeedAuthorCell.xib */; };
		9F81B7691F4488A9004D1ACD /* RNRssFeedItem.swift in Sources */ = {isa = PBXBuildFile; fileRef = 9F81B7681F4488A9004D1ACD /* RNRssFeedItem.swift */; };
		9F81B76E1F453E64004D1ACD /* RNSQLiteManager.swift in Sources */ = {isa = PBXBuildFile; fileRef = 9F81B76D1F453E64004D1ACD /* RNSQLiteManager.swift */; };
		9F81B7711F4723FB004D1ACD /* RNFeedDetailsViewController.swift in Sources */ = {isa = PBXBuildFile; fileRef = 9F81B7701F4723FB004D1ACD /* RNFeedDetailsViewController.swift */; };
		9F81B7961F491F0E004D1ACD /* UIimageView+WebImage.swift in Sources */ = {isa = PBXBuildFile; fileRef = 9F81B7951F491F0E004D1ACD /* UIimageView+WebImage.swift */; };
		9F81B7981F4925BD004D1ACD /* NTDate+Extensions.swift in Sources */ = {isa = PBXBuildFile; fileRef = 9F81B7971F4925BD004D1ACD /* NTDate+Extensions.swift */; };
		9F81B79B1F49329E004D1ACD /* RNAuthorFeedDetailsViewController.swift in Sources */ = {isa = PBXBuildFile; fileRef = 9F81B79A1F49329E004D1ACD /* RNAuthorFeedDetailsViewController.swift */; };
		9F81B79D1F4948A9004D1ACD /* RNTitleButton.swift in Sources */ = {isa = PBXBuildFile; fileRef = 9F81B79C1F4948A9004D1ACD /* RNTitleButton.swift */; };
		9F81B7A01F496443004D1ACD /* RNAuthorFeedDetailsCell.swift in Sources */ = {isa = PBXBuildFile; fileRef = 9F81B79E1F496443004D1ACD /* RNAuthorFeedDetailsCell.swift */; };
		9F81B7A11F496443004D1ACD /* RNAuthorFeedDetailsCell.xib in Resources */ = {isa = PBXBuildFile; fileRef = 9F81B79F1F496443004D1ACD /* RNAuthorFeedDetailsCell.xib */; };
		9F81B7A31F4A7958004D1ACD /* ReadNode.swift in Sources */ = {isa = PBXBuildFile; fileRef = 9F81B7A21F4A7958004D1ACD /* ReadNode.swift */; };
		9F8CFA6C1F3C1231002FB4FB /* RNBaseViewController.swift in Sources */ = {isa = PBXBuildFile; fileRef = 9F8CFA6B1F3C1231002FB4FB /* RNBaseViewController.swift */; };
		9FAEDC051F4D293E00EACAB7 /* ReadNode.sql in Resources */ = {isa = PBXBuildFile; fileRef = 9FAEDC041F4D293E00EACAB7 /* ReadNode.sql */; };
		9FECB42A1F3EC115002A91C1 /* UIScreen+Extensions.swift in Sources */ = {isa = PBXBuildFile; fileRef = 9FECB4291F3EC115002A91C1 /* UIScreen+Extensions.swift */; };
		9FECB4501F400AAD002A91C1 /* RNAddView.swift in Sources */ = {isa = PBXBuildFile; fileRef = 9FECB44F1F400AAD002A91C1 /* RNAddView.swift */; };
		9FECB4521F400ABA002A91C1 /* RNAddView.xib in Resources */ = {isa = PBXBuildFile; fileRef = 9FECB4511F400ABA002A91C1 /* RNAddView.xib */; };
		9FEFBA1B1F397FDC006185B1 /* AppDelegate.swift in Sources */ = {isa = PBXBuildFile; fileRef = 9FEFBA1A1F397FDC006185B1 /* AppDelegate.swift */; };
		9FEFBA221F397FDC006185B1 /* Assets.xcassets in Resources */ = {isa = PBXBuildFile; fileRef = 9FEFBA211F397FDC006185B1 /* Assets.xcassets */; };
		9FEFBA351F3AC267006185B1 /* Bundle+Extensions.swift in Sources */ = {isa = PBXBuildFile; fileRef = 9FEFBA341F3AC267006185B1 /* Bundle+Extensions.swift */; };
		9FEFBA381F3AC46B006185B1 /* RNMainViewController.swift in Sources */ = {isa = PBXBuildFile; fileRef = 9FEFBA371F3AC46B006185B1 /* RNMainViewController.swift */; };
		9FEFBA3A1F3AC49B006185B1 /* RNNavigationController.swift in Sources */ = {isa = PBXBuildFile; fileRef = 9FEFBA391F3AC49B006185B1 /* RNNavigationController.swift */; };
		9FEFBA3D1F3AD445006185B1 /* RNDiscoverViewController.swift in Sources */ = {isa = PBXBuildFile; fileRef = 9FEFBA3C1F3AD445006185B1 /* RNDiscoverViewController.swift */; };
		9FEFBA401F3AD833006185B1 /* RNLikeViewController.swift in Sources */ = {isa = PBXBuildFile; fileRef = 9FEFBA3F1F3AD833006185B1 /* RNLikeViewController.swift */; };
		9FEFBA421F3ADACF006185B1 /* UIColor+Extensions.swift in Sources */ = {isa = PBXBuildFile; fileRef = 9FEFBA411F3ADACF006185B1 /* UIColor+Extensions.swift */; };
		9FEFBA451F3AE39F006185B1 /* RNFeedViewController.swift in Sources */ = {isa = PBXBuildFile; fileRef = 9FEFBA441F3AE39F006185B1 /* RNFeedViewController.swift */; };
		9FEFBA471F3B2BB6006185B1 /* UIImage+Extensions.swift in Sources */ = {isa = PBXBuildFile; fileRef = 9FEFBA461F3B2BB6006185B1 /* UIImage+Extensions.swift */; };
		9FEFBA4A1F3B4E8D006185B1 /* RNDemoViewController.swift in Sources */ = {isa = PBXBuildFile; fileRef = 9FEFBA491F3B4E8D006185B1 /* RNDemoViewController.swift */; };
		9FEFBA4C1F3B52EE006185B1 /* UIBarButtonItem+Extensions.swift in Sources */ = {isa = PBXBuildFile; fileRef = 9FEFBA4B1F3B52EE006185B1 /* UIBarButtonItem+Extensions.swift */; };
/* End PBXBuildFile section */

/* Begin PBXFileReference section */
		9F0AF8831F433262008BB198 /* AlamofireRSSParser.swift */ = {isa = PBXFileReference; fileEncoding = 4; lastKnownFileType = sourcecode.swift; path = AlamofireRSSParser.swift; sourceTree = "<group>"; };
		9F0AF8841F433262008BB198 /* RSSFeed.swift */ = {isa = PBXFileReference; fileEncoding = 4; lastKnownFileType = sourcecode.swift; path = RSSFeed.swift; sourceTree = "<group>"; };
		9F0AF8851F433262008BB198 /* RSSItem.swift */ = {isa = PBXFileReference; fileEncoding = 4; lastKnownFileType = sourcecode.swift; path = RSSItem.swift; sourceTree = "<group>"; };
		9F0AF8891F43417B008BB198 /* NTMessageHud.swift */ = {isa = PBXFileReference; fileEncoding = 4; lastKnownFileType = sourcecode.swift; path = NTMessageHud.swift; sourceTree = "<group>"; };
		9F3C79A51F3D662200C02F08 /* UILabel+Extensions.swift */ = {isa = PBXFileReference; fileEncoding = 4; lastKnownFileType = sourcecode.swift; path = "UILabel+Extensions.swift"; sourceTree = "<group>"; };
		9F3C79A71F3D735200C02F08 /* RNRssFeed.swift */ = {isa = PBXFileReference; fileEncoding = 4; lastKnownFileType = sourcecode.swift; path = RNRssFeed.swift; sourceTree = "<group>"; };
		9F3C79AB1F3D7CB100C02F08 /* RNNetworkManager.swift */ = {isa = PBXFileReference; fileEncoding = 4; lastKnownFileType = sourcecode.swift; path = RNNetworkManager.swift; sourceTree = "<group>"; };
		9F5E741E1F3C30AD00377099 /* RNFeedAuthorCell.swift */ = {isa = PBXFileReference; fileEncoding = 4; lastKnownFileType = sourcecode.swift; path = RNFeedAuthorCell.swift; sourceTree = "<group>"; };
		9F5E741F1F3C30AD00377099 /* RNFeedAuthorCell.xib */ = {isa = PBXFileReference; fileEncoding = 4; lastKnownFileType = file.xib; path = RNFeedAuthorCell.xib; sourceTree = "<group>"; };
		9F81B7681F4488A9004D1ACD /* RNRssFeedItem.swift */ = {isa = PBXFileReference; fileEncoding = 4; lastKnownFileType = sourcecode.swift; path = RNRssFeedItem.swift; sourceTree = "<group>"; };
		9F81B76D1F453E64004D1ACD /* RNSQLiteManager.swift */ = {isa = PBXFileReference; fileEncoding = 4; lastKnownFileType = sourcecode.swift; path = RNSQLiteManager.swift; sourceTree = "<group>"; };
		9F81B7701F4723FB004D1ACD /* RNFeedDetailsViewController.swift */ = {isa = PBXFileReference; fileEncoding = 4; lastKnownFileType = sourcecode.swift; path = RNFeedDetailsViewController.swift; sourceTree = "<group>"; };
		9F81B7951F491F0E004D1ACD /* UIimageView+WebImage.swift */ = {isa = PBXFileReference; fileEncoding = 4; lastKnownFileType = sourcecode.swift; path = "UIimageView+WebImage.swift"; sourceTree = "<group>"; };
		9F81B7971F4925BD004D1ACD /* NTDate+Extensions.swift */ = {isa = PBXFileReference; fileEncoding = 4; lastKnownFileType = sourcecode.swift; path = "NTDate+Extensions.swift"; sourceTree = "<group>"; };
		9F81B79A1F49329E004D1ACD /* RNAuthorFeedDetailsViewController.swift */ = {isa = PBXFileReference; fileEncoding = 4; lastKnownFileType = sourcecode.swift; path = RNAuthorFeedDetailsViewController.swift; sourceTree = "<group>"; };
		9F81B79C1F4948A9004D1ACD /* RNTitleButton.swift */ = {isa = PBXFileReference; fileEncoding = 4; lastKnownFileType = sourcecode.swift; path = RNTitleButton.swift; sourceTree = "<group>"; };
		9F81B79E1F496443004D1ACD /* RNAuthorFeedDetailsCell.swift */ = {isa = PBXFileReference; fileEncoding = 4; lastKnownFileType = sourcecode.swift; path = RNAuthorFeedDetailsCell.swift; sourceTree = "<group>"; };
		9F81B79F1F496443004D1ACD /* RNAuthorFeedDetailsCell.xib */ = {isa = PBXFileReference; fileEncoding = 4; lastKnownFileType = file.xib; path = RNAuthorFeedDetailsCell.xib; sourceTree = "<group>"; };
		9F81B7A21F4A7958004D1ACD /* ReadNode.swift */ = {isa = PBXFileReference; fileEncoding = 4; lastKnownFileType = sourcecode.swift; path = ReadNode.swift; sourceTree = "<group>"; };
		9F8CFA6B1F3C1231002FB4FB /* RNBaseViewController.swift */ = {isa = PBXFileReference; fileEncoding = 4; lastKnownFileType = sourcecode.swift; path = RNBaseViewController.swift; sourceTree = "<group>"; };
		9FAEDC041F4D293E00EACAB7 /* ReadNode.sql */ = {isa = PBXFileReference; fileEncoding = 4; lastKnownFileType = text; path = ReadNode.sql; sourceTree = "<group>"; };
		9FECB4291F3EC115002A91C1 /* UIScreen+Extensions.swift */ = {isa = PBXFileReference; fileEncoding = 4; lastKnownFileType = sourcecode.swift; path = "UIScreen+Extensions.swift"; sourceTree = "<group>"; };
		9FECB44F1F400AAD002A91C1 /* RNAddView.swift */ = {isa = PBXFileReference; fileEncoding = 4; lastKnownFileType = sourcecode.swift; path = RNAddView.swift; sourceTree = "<group>"; };
		9FECB4511F400ABA002A91C1 /* RNAddView.xib */ = {isa = PBXFileReference; fileEncoding = 4; lastKnownFileType = file.xib; path = RNAddView.xib; sourceTree = "<group>"; };
		9FEFBA171F397FDC006185B1 /* ReadNode.app */ = {isa = PBXFileReference; explicitFileType = wrapper.application; includeInIndex = 0; path = ReadNode.app; sourceTree = BUILT_PRODUCTS_DIR; };
		9FEFBA1A1F397FDC006185B1 /* AppDelegate.swift */ = {isa = PBXFileReference; lastKnownFileType = sourcecode.swift; path = AppDelegate.swift; sourceTree = "<group>"; };
		9FEFBA211F397FDC006185B1 /* Assets.xcassets */ = {isa = PBXFileReference; lastKnownFileType = folder.assetcatalog; path = Assets.xcassets; sourceTree = "<group>"; };
		9FEFBA261F397FDC006185B1 /* Info.plist */ = {isa = PBXFileReference; lastKnownFileType = text.plist.xml; path = Info.plist; sourceTree = "<group>"; };
		9FEFBA341F3AC267006185B1 /* Bundle+Extensions.swift */ = {isa = PBXFileReference; fileEncoding = 4; lastKnownFileType = sourcecode.swift; path = "Bundle+Extensions.swift"; sourceTree = "<group>"; };
		9FEFBA371F3AC46B006185B1 /* RNMainViewController.swift */ = {isa = PBXFileReference; fileEncoding = 4; lastKnownFileType = sourcecode.swift; path = RNMainViewController.swift; sourceTree = "<group>"; };
		9FEFBA391F3AC49B006185B1 /* RNNavigationController.swift */ = {isa = PBXFileReference; fileEncoding = 4; lastKnownFileType = sourcecode.swift; path = RNNavigationController.swift; sourceTree = "<group>"; };
		9FEFBA3C1F3AD445006185B1 /* RNDiscoverViewController.swift */ = {isa = PBXFileReference; fileEncoding = 4; lastKnownFileType = sourcecode.swift; path = RNDiscoverViewController.swift; sourceTree = "<group>"; };
		9FEFBA3F1F3AD833006185B1 /* RNLikeViewController.swift */ = {isa = PBXFileReference; fileEncoding = 4; lastKnownFileType = sourcecode.swift; path = RNLikeViewController.swift; sourceTree = "<group>"; };
		9FEFBA411F3ADACF006185B1 /* UIColor+Extensions.swift */ = {isa = PBXFileReference; fileEncoding = 4; lastKnownFileType = sourcecode.swift; path = "UIColor+Extensions.swift"; sourceTree = "<group>"; };
		9FEFBA441F3AE39F006185B1 /* RNFeedViewController.swift */ = {isa = PBXFileReference; fileEncoding = 4; lastKnownFileType = sourcecode.swift; path = RNFeedViewController.swift; sourceTree = "<group>"; };
		9FEFBA461F3B2BB6006185B1 /* UIImage+Extensions.swift */ = {isa = PBXFileReference; fileEncoding = 4; lastKnownFileType = sourcecode.swift; path = "UIImage+Extensions.swift"; sourceTree = "<group>"; };
		9FEFBA491F3B4E8D006185B1 /* RNDemoViewController.swift */ = {isa = PBXFileReference; fileEncoding = 4; lastKnownFileType = sourcecode.swift; path = RNDemoViewController.swift; sourceTree = "<group>"; };
		9FEFBA4B1F3B52EE006185B1 /* UIBarButtonItem+Extensions.swift */ = {isa = PBXFileReference; fileEncoding = 4; lastKnownFileType = sourcecode.swift; path = "UIBarButtonItem+Extensions.swift"; sourceTree = "<group>"; };
		A7EF1846542F26622CFF7C2F /* Pods-ReadNode.debug.xcconfig */ = {isa = PBXFileReference; includeInIndex = 1; lastKnownFileType = text.xcconfig; name = "Pods-ReadNode.debug.xcconfig"; path = "Pods/Target Support Files/Pods-ReadNode/Pods-ReadNode.debug.xcconfig"; sourceTree = "<group>"; };
		B9F3DE5B3B514728DD3FBBA0 /* Pods_ReadNode.framework */ = {isa = PBXFileReference; explicitFileType = wrapper.framework; includeInIndex = 0; path = Pods_ReadNode.framework; sourceTree = BUILT_PRODUCTS_DIR; };
		ED00AF723D223850A292FFC9 /* Pods-ReadNode.release.xcconfig */ = {isa = PBXFileReference; includeInIndex = 1; lastKnownFileType = text.xcconfig; name = "Pods-ReadNode.release.xcconfig"; path = "Pods/Target Support Files/Pods-ReadNode/Pods-ReadNode.release.xcconfig"; sourceTree = "<group>"; };
/* End PBXFileReference section */

/* Begin PBXFrameworksBuildPhase section */
		9FEFBA141F397FDC006185B1 /* Frameworks */ = {
			isa = PBXFrameworksBuildPhase;
			buildActionMask = 2147483647;
			files = (
				51966986B57D2A169CB87F70 /* Pods_ReadNode.framework in Frameworks */,
			);
			runOnlyForDeploymentPostprocessing = 0;
		};
/* End PBXFrameworksBuildPhase section */

/* Begin PBXGroup section */
		687AD76FD3DE1C5D66E96F59 /* Pods */ = {
			isa = PBXGroup;
			children = (
				A7EF1846542F26622CFF7C2F /* Pods-ReadNode.debug.xcconfig */,
				ED00AF723D223850A292FFC9 /* Pods-ReadNode.release.xcconfig */,
			);
			name = Pods;
			sourceTree = "<group>";
		};
		9F0AF8821F433262008BB198 /* Alamofire+RssExtensions */ = {
			isa = PBXGroup;
			children = (
				9F0AF8831F433262008BB198 /* AlamofireRSSParser.swift */,
				9F0AF8841F433262008BB198 /* RSSFeed.swift */,
				9F0AF8851F433262008BB198 /* RSSItem.swift */,
			);
			path = "Alamofire+RssExtensions";
			sourceTree = "<group>";
		};
		9F3C79AA1F3D7CA600C02F08 /* NetworkManager */ = {
			isa = PBXGroup;
			children = (
				9F3C79AB1F3D7CB100C02F08 /* RNNetworkManager.swift */,
			);
			path = NetworkManager;
			sourceTree = "<group>";
		};
		9F81B76C1F453E46004D1ACD /* SQLite */ = {
			isa = PBXGroup;
			children = (
				9F81B76D1F453E64004D1ACD /* RNSQLiteManager.swift */,
				9FAEDC041F4D293E00EACAB7 /* ReadNode.sql */,
			);
			path = SQLite;
			sourceTree = "<group>";
		};
		9F81B76F1F4723E9004D1ACD /* FeedDetails */ = {
			isa = PBXGroup;
			children = (
				9F81B7701F4723FB004D1ACD /* RNFeedDetailsViewController.swift */,
			);
			path = FeedDetails;
			sourceTree = "<group>";
		};
		9F81B7991F49325D004D1ACD /* AuthorFeedDetails */ = {
			isa = PBXGroup;
			children = (
				9F81B79A1F49329E004D1ACD /* RNAuthorFeedDetailsViewController.swift */,
				9F81B79E1F496443004D1ACD /* RNAuthorFeedDetailsCell.swift */,
				9F81B79F1F496443004D1ACD /* RNAuthorFeedDetailsCell.xib */,
				9F81B79C1F4948A9004D1ACD /* RNTitleButton.swift */,
			);
			path = AuthorFeedDetails;
			sourceTree = "<group>";
		};
		9FEFBA0E1F397FDC006185B1 = {
			isa = PBXGroup;
			children = (
				9FEFBA191F397FDC006185B1 /* ReadNode */,
				9FEFBA181F397FDC006185B1 /* Products */,
				687AD76FD3DE1C5D66E96F59 /* Pods */,
				BCC0EDF7CAEAF616ABC01E33 /* Frameworks */,
			);
			sourceTree = "<group>";
		};
		9FEFBA181F397FDC006185B1 /* Products */ = {
			isa = PBXGroup;
			children = (
				9FEFBA171F397FDC006185B1 /* ReadNode.app */,
			);
			name = Products;
			sourceTree = "<group>";
		};
		9FEFBA191F397FDC006185B1 /* ReadNode */ = {
			isa = PBXGroup;
			children = (
				9FEFBA2C1F39F9AC006185B1 /* Classes */,
				9FEFBA301F39F9C5006185B1 /* Support Files */,
			);
			path = ReadNode;
			sourceTree = "<group>";
		};
		9FEFBA2C1F39F9AC006185B1 /* Classes */ = {
			isa = PBXGroup;
			children = (
				9FEFBA2F1F39F9AC006185B1 /* View */,
				9FEFBA2D1F39F9AC006185B1 /* Model */,
				9FEFBA2E1F39F9AC006185B1 /* Tools */,
			);
			path = Classes;
			sourceTree = "<group>";
		};
		9FEFBA2D1F39F9AC006185B1 /* Model */ = {
			isa = PBXGroup;
			children = (
				9F3C79A71F3D735200C02F08 /* RNRssFeed.swift */,
				9F81B7681F4488A9004D1ACD /* RNRssFeedItem.swift */,
			);
			path = Model;
			sourceTree = "<group>";
		};
		9FEFBA2E1F39F9AC006185B1 /* Tools */ = {
			isa = PBXGroup;
			children = (
				9F3C79AA1F3D7CA600C02F08 /* NetworkManager */,
				9F81B76C1F453E46004D1ACD /* SQLite */,
				9FEFBA331F3AC259006185B1 /* Extensions */,
			);
			path = Tools;
			sourceTree = "<group>";
		};
		9FEFBA2F1F39F9AC006185B1 /* View */ = {
			isa = PBXGroup;
			children = (
				9FEFBA481F3B4E75006185B1 /* Test */,
				9FEFBA361F3AC45A006185B1 /* Main */,
				9FEFBA431F3AE394006185B1 /* Feed */,
				9F81B76F1F4723E9004D1ACD /* FeedDetails */,
				9F81B7991F49325D004D1ACD /* AuthorFeedDetails */,
				9FEFBA3E1F3AD826006185B1 /* Like */,
				9FEFBA3B1F3AD408006185B1 /* Discover */,
			);
			path = View;
			sourceTree = "<group>";
		};
		9FEFBA301F39F9C5006185B1 /* Support Files */ = {
			isa = PBXGroup;
			children = (
				9F81B7A21F4A7958004D1ACD /* ReadNode.swift */,
				9FEFBA1A1F397FDC006185B1 /* AppDelegate.swift */,
				9FEFBA211F397FDC006185B1 /* Assets.xcassets */,
				9FEFBA261F397FDC006185B1 /* Info.plist */,
			);
			name = "Support Files";
			sourceTree = "<group>";
		};
		9FEFBA331F3AC259006185B1 /* Extensions */ = {
			isa = PBXGroup;
			children = (
				9F0AF8821F433262008BB198 /* Alamofire+RssExtensions */,
				9F0AF8891F43417B008BB198 /* NTMessageHud.swift */,
				9F81B7971F4925BD004D1ACD /* NTDate+Extensions.swift */,
				9FECB4291F3EC115002A91C1 /* UIScreen+Extensions.swift */,
				9F81B7951F491F0E004D1ACD /* UIimageView+WebImage.swift */,
				9FEFBA461F3B2BB6006185B1 /* UIImage+Extensions.swift */,
				9FEFBA341F3AC267006185B1 /* Bundle+Extensions.swift */,
				9FEFBA411F3ADACF006185B1 /* UIColor+Extensions.swift */,
				9FEFBA4B1F3B52EE006185B1 /* UIBarButtonItem+Extensions.swift */,
				9F3C79A51F3D662200C02F08 /* UILabel+Extensions.swift */,
			);
			path = Extensions;
			sourceTree = "<group>";
		};
		9FEFBA361F3AC45A006185B1 /* Main */ = {
			isa = PBXGroup;
			children = (
				9FEFBA371F3AC46B006185B1 /* RNMainViewController.swift */,
				9FEFBA391F3AC49B006185B1 /* RNNavigationController.swift */,
				9F8CFA6B1F3C1231002FB4FB /* RNBaseViewController.swift */,
			);
			path = Main;
			sourceTree = "<group>";
		};
		9FEFBA3B1F3AD408006185B1 /* Discover */ = {
			isa = PBXGroup;
			children = (
				9FEFBA3C1F3AD445006185B1 /* RNDiscoverViewController.swift */,
				9FECB44F1F400AAD002A91C1 /* RNAddView.swift */,
				9FECB4511F400ABA002A91C1 /* RNAddView.xib */,
			);
			path = Discover;
			sourceTree = "<group>";
		};
		9FEFBA3E1F3AD826006185B1 /* Like */ = {
			isa = PBXGroup;
			children = (
				9FEFBA3F1F3AD833006185B1 /* RNLikeViewController.swift */,
			);
			path = Like;
			sourceTree = "<group>";
		};
		9FEFBA431F3AE394006185B1 /* Feed */ = {
			isa = PBXGroup;
			children = (
				9FEFBA441F3AE39F006185B1 /* RNFeedViewController.swift */,
				9F5E741E1F3C30AD00377099 /* RNFeedAuthorCell.swift */,
				9F5E741F1F3C30AD00377099 /* RNFeedAuthorCell.xib */,
			);
			path = Feed;
			sourceTree = "<group>";
		};
		9FEFBA481F3B4E75006185B1 /* Test */ = {
			isa = PBXGroup;
			children = (
				9FEFBA491F3B4E8D006185B1 /* RNDemoViewController.swift */,
			);
			path = Test;
			sourceTree = "<group>";
		};
		BCC0EDF7CAEAF616ABC01E33 /* Frameworks */ = {
			isa = PBXGroup;
			children = (
				B9F3DE5B3B514728DD3FBBA0 /* Pods_ReadNode.framework */,
			);
			name = Frameworks;
			sourceTree = "<group>";
		};
/* End PBXGroup section */

/* Begin PBXNativeTarget section */
		9FEFBA161F397FDC006185B1 /* ReadNode */ = {
			isa = PBXNativeTarget;
			buildConfigurationList = 9FEFBA291F397FDC006185B1 /* Build configuration list for PBXNativeTarget "ReadNode" */;
			buildPhases = (
				4F0A9FB5E75F156893183748 /* [CP] Check Pods Manifest.lock */,
				9FEFBA131F397FDC006185B1 /* Sources */,
				9FEFBA141F397FDC006185B1 /* Frameworks */,
				9FEFBA151F397FDC006185B1 /* Resources */,
				F8B30AC2A6B65A30036259C6 /* [CP] Embed Pods Frameworks */,
				B1C18913AA57C3DDA1387CBC /* [CP] Copy Pods Resources */,
			);
			buildRules = (
			);
			dependencies = (
			);
			name = ReadNode;
			productName = ReadNode;
			productReference = 9FEFBA171F397FDC006185B1 /* ReadNode.app */;
			productType = "com.apple.product-type.application";
		};
/* End PBXNativeTarget section */

/* Begin PBXProject section */
		9FEFBA0F1F397FDC006185B1 /* Project object */ = {
			isa = PBXProject;
			attributes = {
				CLASSPREFIX = RN;
				LastSwiftUpdateCheck = 0830;
				LastUpgradeCheck = 0830;
				ORGANIZATIONNAME = ntian;
				TargetAttributes = {
					9FEFBA161F397FDC006185B1 = {
						CreatedOnToolsVersion = 8.3.3;
						DevelopmentTeam = 57EGJELJS3;
						ProvisioningStyle = Automatic;
					};
				};
			};
			buildConfigurationList = 9FEFBA121F397FDC006185B1 /* Build configuration list for PBXProject "ReadNode" */;
			compatibilityVersion = "Xcode 3.2";
			developmentRegion = English;
			hasScannedForEncodings = 0;
			knownRegions = (
				en,
				Base,
			);
			mainGroup = 9FEFBA0E1F397FDC006185B1;
			productRefGroup = 9FEFBA181F397FDC006185B1 /* Products */;
			projectDirPath = "";
			projectRoot = "";
			targets = (
				9FEFBA161F397FDC006185B1 /* ReadNode */,
			);
		};
/* End PBXProject section */

/* Begin PBXResourcesBuildPhase section */
		9FEFBA151F397FDC006185B1 /* Resources */ = {
			isa = PBXResourcesBuildPhase;
			buildActionMask = 2147483647;
			files = (
				9F81B7A11F496443004D1ACD /* RNAuthorFeedDetailsCell.xib in Resources */,
				9F5E74211F3C30AD00377099 /* RNFeedAuthorCell.xib in Resources */,
				9FECB4521F400ABA002A91C1 /* RNAddView.xib in Resources */,
				9FAEDC051F4D293E00EACAB7 /* ReadNode.sql in Resources */,
				9FEFBA221F397FDC006185B1 /* Assets.xcassets in Resources */,
			);
			runOnlyForDeploymentPostprocessing = 0;
		};
/* End PBXResourcesBuildPhase section */

/* Begin PBXShellScriptBuildPhase section */
		4F0A9FB5E75F156893183748 /* [CP] Check Pods Manifest.lock */ = {
			isa = PBXShellScriptBuildPhase;
			buildActionMask = 2147483647;
			files = (
			);
			inputPaths = (
			);
			name = "[CP] Check Pods Manifest.lock";
			outputPaths = (
			);
			runOnlyForDeploymentPostprocessing = 0;
			shellPath = /bin/sh;
			shellScript = "diff \"${PODS_ROOT}/../Podfile.lock\" \"${PODS_ROOT}/Manifest.lock\" > /dev/null\nif [ $? != 0 ] ; then\n    # print error to STDERR\n    echo \"error: The sandbox is not in sync with the Podfile.lock. Run 'pod install' or update your CocoaPods installation.\" >&2\n    exit 1\nfi\n";
			showEnvVarsInLog = 0;
		};
		B1C18913AA57C3DDA1387CBC /* [CP] Copy Pods Resources */ = {
			isa = PBXShellScriptBuildPhase;
			buildActionMask = 2147483647;
			files = (
			);
			inputPaths = (
			);
			name = "[CP] Copy Pods Resources";
			outputPaths = (
			);
			runOnlyForDeploymentPostprocessing = 0;
			shellPath = /bin/sh;
			shellScript = "\"${SRCROOT}/Pods/Target Support Files/Pods-ReadNode/Pods-ReadNode-resources.sh\"\n";
			showEnvVarsInLog = 0;
		};
		F8B30AC2A6B65A30036259C6 /* [CP] Embed Pods Frameworks */ = {
			isa = PBXShellScriptBuildPhase;
			buildActionMask = 2147483647;
			files = (
			);
			inputPaths = (
			);
			name = "[CP] Embed Pods Frameworks";
			outputPaths = (
			);
			runOnlyForDeploymentPostprocessing = 0;
			shellPath = /bin/sh;
			shellScript = "\"${SRCROOT}/Pods/Target Support Files/Pods-ReadNode/Pods-ReadNode-frameworks.sh\"\n";
			showEnvVarsInLog = 0;
		};
/* End PBXShellScriptBuildPhase section */

/* Begin PBXSourcesBuildPhase section */
		9FEFBA131F397FDC006185B1 /* Sources */ = {
			isa = PBXSourcesBuildPhase;
			buildActionMask = 2147483647;
			files = (
				9FEFBA451F3AE39F006185B1 /* RNFeedViewController.swift in Sources */,
				9FEFBA3D1F3AD445006185B1 /* RNDiscoverViewController.swift in Sources */,
				9FEFBA351F3AC267006185B1 /* Bundle+Extensions.swift in Sources */,
				9F81B7A31F4A7958004D1ACD /* ReadNode.swift in Sources */,
				9F81B76E1F453E64004D1ACD /* RNSQLiteManager.swift in Sources */,
				9F0AF8881F433262008BB198 /* RSSItem.swift in Sources */,
				9F81B7961F491F0E004D1ACD /* UIimageView+WebImage.swift in Sources */,
				9F8CFA6C1F3C1231002FB4FB /* RNBaseViewController.swift in Sources */,
				9FEFBA4C1F3B52EE006185B1 /* UIBarButtonItem+Extensions.swift in Sources */,
				9FEFBA381F3AC46B006185B1 /* RNMainViewController.swift in Sources */,
				9F3C79AC1F3D7CB100C02F08 /* RNNetworkManager.swift in Sources */,
				9F3C79A61F3D662200C02F08 /* UILabel+Extensions.swift in Sources */,
				9F0AF8871F433262008BB198 /* RSSFeed.swift in Sources */,
				9FEFBA401F3AD833006185B1 /* RNLikeViewController.swift in Sources */,
				9FEFBA421F3ADACF006185B1 /* UIColor+Extensions.swift in Sources */,
				9F0AF8861F433262008BB198 /* AlamofireRSSParser.swift in Sources */,
				9FECB42A1F3EC115002A91C1 /* UIScreen+Extensions.swift in Sources */,
				9FEFBA471F3B2BB6006185B1 /* UIImage+Extensions.swift in Sources */,
				9FECB4501F400AAD002A91C1 /* RNAddView.swift in Sources */,
				9F3C79A81F3D735200C02F08 /* RNRssFeed.swift in Sources */,
				9F81B7711F4723FB004D1ACD /* RNFeedDetailsViewController.swift in Sources */,
				9F0AF88A1F43417B008BB198 /* NTMessageHud.swift in Sources */,
				9F5E74201F3C30AD00377099 /* RNFeedAuthorCell.swift in Sources */,
				9F81B79B1F49329E004D1ACD /* RNAuthorFeedDetailsViewController.swift in Sources */,
				9FEFBA4A1F3B4E8D006185B1 /* RNDemoViewController.swift in Sources */,
				9F81B7981F4925BD004D1ACD /* NTDate+Extensions.swift in Sources */,
				9F81B7A01F496443004D1ACD /* RNAuthorFeedDetailsCell.swift in Sources */,
				9FEFBA1B1F397FDC006185B1 /* AppDelegate.swift in Sources */,
				9F81B7691F4488A9004D1ACD /* RNRssFeedItem.swift in Sources */,
				9F81B79D1F4948A9004D1ACD /* RNTitleButton.swift in Sources */,
				9FEFBA3A1F3AC49B006185B1 /* RNNavigationController.swift in Sources */,
			);
			runOnlyForDeploymentPostprocessing = 0;
		};
/* End PBXSourcesBuildPhase section */

/* Begin XCBuildConfiguration section */
		9FEFBA271F397FDC006185B1 /* Debug */ = {
			isa = XCBuildConfiguration;
			buildSettings = {
				ALWAYS_SEARCH_USER_PATHS = NO;
				CLANG_ANALYZER_NONNULL = YES;
				CLANG_ANALYZER_NUMBER_OBJECT_CONVERSION = YES_AGGRESSIVE;
				CLANG_CXX_LANGUAGE_STANDARD = "gnu++0x";
				CLANG_CXX_LIBRARY = "libc++";
				CLANG_ENABLE_MODULES = YES;
				CLANG_ENABLE_OBJC_ARC = YES;
				CLANG_WARN_BOOL_CONVERSION = YES;
				CLANG_WARN_CONSTANT_CONVERSION = YES;
				CLANG_WARN_DIRECT_OBJC_ISA_USAGE = YES_ERROR;
				CLANG_WARN_DOCUMENTATION_COMMENTS = YES;
				CLANG_WARN_EMPTY_BODY = YES;
				CLANG_WARN_ENUM_CONVERSION = YES;
				CLANG_WARN_INFINITE_RECURSION = YES;
				CLANG_WARN_INT_CONVERSION = YES;
				CLANG_WARN_OBJC_ROOT_CLASS = YES_ERROR;
				CLANG_WARN_SUSPICIOUS_MOVE = YES;
				CLANG_WARN_UNREACHABLE_CODE = YES;
				CLANG_WARN__DUPLICATE_METHOD_MATCH = YES;
				"CODE_SIGN_IDENTITY[sdk=iphoneos*]" = "iPhone Developer";
				COPY_PHASE_STRIP = NO;
				DEBUG_INFORMATION_FORMAT = dwarf;
				ENABLE_STRICT_OBJC_MSGSEND = YES;
				ENABLE_TESTABILITY = YES;
				GCC_C_LANGUAGE_STANDARD = gnu99;
				GCC_DYNAMIC_NO_PIC = NO;
				GCC_NO_COMMON_BLOCKS = YES;
				GCC_OPTIMIZATION_LEVEL = 0;
				GCC_PREPROCESSOR_DEFINITIONS = (
					"DEBUG=1",
					"$(inherited)",
				);
				GCC_WARN_64_TO_32_BIT_CONVERSION = YES;
				GCC_WARN_ABOUT_RETURN_TYPE = YES_ERROR;
				GCC_WARN_UNDECLARED_SELECTOR = YES;
				GCC_WARN_UNINITIALIZED_AUTOS = YES_AGGRESSIVE;
				GCC_WARN_UNUSED_FUNCTION = YES;
				GCC_WARN_UNUSED_VARIABLE = YES;
				IPHONEOS_DEPLOYMENT_TARGET = 10.3;
				MTL_ENABLE_DEBUG_INFO = YES;
				ONLY_ACTIVE_ARCH = YES;
				SDKROOT = iphoneos;
				SWIFT_ACTIVE_COMPILATION_CONDITIONS = DEBUG;
				SWIFT_OPTIMIZATION_LEVEL = "-Onone";
			};
			name = Debug;
		};
		9FEFBA281F397FDC006185B1 /* Release */ = {
			isa = XCBuildConfiguration;
			buildSettings = {
				ALWAYS_SEARCH_USER_PATHS = NO;
				CLANG_ANALYZER_NONNULL = YES;
				CLANG_ANALYZER_NUMBER_OBJECT_CONVERSION = YES_AGGRESSIVE;
				CLANG_CXX_LANGUAGE_STANDARD = "gnu++0x";
				CLANG_CXX_LIBRARY = "libc++";
				CLANG_ENABLE_MODULES = YES;
				CLANG_ENABLE_OBJC_ARC = YES;
				CLANG_WARN_BOOL_CONVERSION = YES;
				CLANG_WARN_CONSTANT_CONVERSION = YES;
				CLANG_WARN_DIRECT_OBJC_ISA_USAGE = YES_ERROR;
				CLANG_WARN_DOCUMENTATION_COMMENTS = YES;
				CLANG_WARN_EMPTY_BODY = YES;
				CLANG_WARN_ENUM_CONVERSION = YES;
				CLANG_WARN_INFINITE_RECURSION = YES;
				CLANG_WARN_INT_CONVERSION = YES;
				CLANG_WARN_OBJC_ROOT_CLASS = YES_ERROR;
				CLANG_WARN_SUSPICIOUS_MOVE = YES;
				CLANG_WARN_UNREACHABLE_CODE = YES;
				CLANG_WARN__DUPLICATE_METHOD_MATCH = YES;
				"CODE_SIGN_IDENTITY[sdk=iphoneos*]" = "iPhone Developer";
				COPY_PHASE_STRIP = NO;
				DEBUG_INFORMATION_FORMAT = "dwarf-with-dsym";
				ENABLE_NS_ASSERTIONS = NO;
				ENABLE_STRICT_OBJC_MSGSEND = YES;
				GCC_C_LANGUAGE_STANDARD = gnu99;
				GCC_NO_COMMON_BLOCKS = YES;
				GCC_WARN_64_TO_32_BIT_CONVERSION = YES;
				GCC_WARN_ABOUT_RETURN_TYPE = YES_ERROR;
				GCC_WARN_UNDECLARED_SELECTOR = YES;
				GCC_WARN_UNINITIALIZED_AUTOS = YES_AGGRESSIVE;
				GCC_WARN_UNUSED_FUNCTION = YES;
				GCC_WARN_UNUSED_VARIABLE = YES;
				IPHONEOS_DEPLOYMENT_TARGET = 10.3;
				MTL_ENABLE_DEBUG_INFO = NO;
				SDKROOT = iphoneos;
				SWIFT_OPTIMIZATION_LEVEL = "-Owholemodule";
				VALIDATE_PRODUCT = YES;
			};
			name = Release;
		};
		9FEFBA2A1F397FDC006185B1 /* Debug */ = {
			isa = XCBuildConfiguration;
			baseConfigurationReference = A7EF1846542F26622CFF7C2F /* Pods-ReadNode.debug.xcconfig */;
			buildSettings = {
				ASSETCATALOG_COMPILER_APPICON_NAME = AppIcon;
				ASSETCATALOG_COMPILER_LAUNCHIMAGE_NAME = LaunchImage;
				DEVELOPMENT_TEAM = 57EGJELJS3;
				INFOPLIST_FILE = ReadNode/Info.plist;
				IPHONEOS_DEPLOYMENT_TARGET = 9.0;
				LD_RUNPATH_SEARCH_PATHS = "$(inherited) @executable_path/Frameworks";
				PRODUCT_BUNDLE_IDENTIFIER = com.yuerer.Rreadnode;
				PRODUCT_NAME = "$(TARGET_NAME)";
				SWIFT_VERSION = 3.0;
			};
			name = Debug;
		};
		9FEFBA2B1F397FDC006185B1 /* Release */ = {
			isa = XCBuildConfiguration;
			baseConfigurationReference = ED00AF723D223850A292FFC9 /* Pods-ReadNode.release.xcconfig */;
			buildSettings = {
				ASSETCATALOG_COMPILER_APPICON_NAME = AppIcon;
				ASSETCATALOG_COMPILER_LAUNCHIMAGE_NAME = LaunchImage;
				DEVELOPMENT_TEAM = 57EGJELJS3;
				INFOPLIST_FILE = ReadNode/Info.plist;
				IPHONEOS_DEPLOYMENT_TARGET = 9.0;
				LD_RUNPATH_SEARCH_PATHS = "$(inherited) @executable_path/Frameworks";
				PRODUCT_BUNDLE_IDENTIFIER = com.yuerer.Rreadnode;
				PRODUCT_NAME = "$(TARGET_NAME)";
				SWIFT_VERSION = 3.0;
			};
			name = Release;
		};
/* End XCBuildConfiguration section */

/* Begin XCConfigurationList section */
		9FEFBA121F397FDC006185B1 /* Build configuration list for PBXProject "ReadNode" */ = {
			isa = XCConfigurationList;
			buildConfigurations = (
				9FEFBA271F397FDC006185B1 /* Debug */,
				9FEFBA281F397FDC006185B1 /* Release */,
			);
			defaultConfigurationIsVisible = 0;
			defaultConfigurationName = Release;
		};
		9FEFBA291F397FDC006185B1 /* Build configuration list for PBXNativeTarget "ReadNode" */ = {
			isa = XCConfigurationList;
			buildConfigurations = (
				9FEFBA2A1F397FDC006185B1 /* Debug */,
				9FEFBA2B1F397FDC006185B1 /* Release */,
			);
			defaultConfigurationIsVisible = 0;
			defaultConfigurationName = Release;
		};
/* End XCConfigurationList section */
	};
	rootObject = 9FEFBA0F1F397FDC006185B1 /* Project object */;
}
