PODS:
  - FeedKit (6.1.1)
  - Kingfisher (3.10.4)

DEPENDENCIES:
  - FeedKit
  - Kingfisher

SPEC CHECKSUMS:
  FeedKit: b8037e48c6317c8a3c480285c55b5f7bf2b74f5e
  Kingfisher: dc3a4983e86d2dfa89513664983a82340c11a289

PODFILE CHECKSUM: 5c44d434a03a58b60a485e27cfb89363ca462050

COCOAPODS: 1.2.0.beta.3
